
Microsoft Visual Studio Solution File, Format Version 12.00
# Visual Studio Version 17
VisualStudioVersion = 17.7.34031.279
MinimumVisualStudioVersion = 10.0.40219.1
Project("{9A19103F-16F7-4668-BE54-9A1E7A4F7556}") = "Movies.EntityFramework", "Movies.EntityFramework\Movies.EntityFramework.csproj", "{436CC7BF-5DC6-41E1-AAA4-047C936D544F}"
EndProject
Project("{9A19103F-16F7-4668-BE54-9A1E7A4F7556}") = "MoviesBlazor.Web", "MoviesBlazor.Web\MoviesBlazor.Web.csproj", "{ED0A06B0-0C2D-45A7-BD28-08437BD7EF1B}"
EndProject
Global
	GlobalSection(SolutionConfigurationPlatforms) = preSolution
		Debug|Any CPU = Debug|Any CPU
		Release|Any CPU = Release|Any CPU
	EndGlobalSection
	GlobalSection(ProjectConfigurationPlatforms) = postSolution
		{436CC7BF-5DC6-41E1-AAA4-047C936D544F}.Debug|Any CPU.ActiveCfg = Debug|Any CPU
		{436CC7BF-5DC6-41E1-AAA4-047C936D544F}.Debug|Any CPU.Build.0 = Debug|Any CPU
		{436CC7BF-5DC6-41E1-AAA4-047C936D544F}.Release|Any CPU.ActiveCfg = Release|Any CPU
		{436CC7BF-5DC6-41E1-AAA4-047C936D544F}.Release|Any CPU.Build.0 = Release|Any CPU
		{ED0A06B0-0C2D-45A7-BD28-08437BD7EF1B}.Debug|Any CPU.ActiveCfg = Debug|Any CPU
		{ED0A06B0-0C2D-45A7-BD28-08437BD7EF1B}.Debug|Any CPU.Build.0 = Debug|Any CPU
		{ED0A06B0-0C2D-45A7-BD28-08437BD7EF1B}.Release|Any CPU.ActiveCfg = Release|Any CPU
		{ED0A06B0-0C2D-45A7-BD28-08437BD7EF1B}.Release|Any CPU.Build.0 = Release|Any CPU
	EndGlobalSection
	GlobalSection(SolutionProperties) = preSolution
		HideSolutionNode = FALSE
	EndGlobalSection
	GlobalSection(ExtensibilityGlobals) = postSolution
		SolutionGuid = {83C4A653-7C8E-48B2-9B31-7521A2B0D073}
	EndGlobalSection
EndGlobal
